
Microsoft Visual Studio Solution File, Format Version 12.00
# Visual Studio Version 16
VisualStudioVersion = 16.0.30413.136
MinimumVisualStudioVersion = 10.0.40219.1
Project("{8BC9CEB8-8B4A-11D0-8D11-00A0C91BC942}") = "Lab_5", "Lab_5\Lab_5.vcxproj", "{91FDA8DD-778E-412A-A369-B9DBABDD9468}"
EndProject
Project("{8BC9CEB8-8B4A-11D0-8D11-00A0C91BC942}") = "Lab_5.2", "Lab_5.2\Lab_5.2.vcxproj", "{CEA83EB2-E16C-4994-862F-6AC976C26C37}"
EndProject
Project("{8BC9CEB8-8B4A-11D0-8D11-00A0C91BC942}") = "Lab_5.3-4", "Lab_5.3-4\Lab_5.3-4.vcxproj", "{779022F5-354E-4082-8C76-73C6F8474DA4}"
EndProject
Global
	GlobalSection(SolutionConfigurationPlatforms) = preSolution
		Debug|x64 = Debug|x64
		Debug|x86 = Debug|x86
		Release|x64 = Release|x64
		Release|x86 = Release|x86
	EndGlobalSection
	GlobalSection(ProjectConfigurationPlatforms) = postSolution
		{91FDA8DD-778E-412A-A369-B9DBABDD9468}.Debug|x64.ActiveCfg = Debug|x64
		{91FDA8DD-778E-412A-A369-B9DBABDD9468}.Debug|x64.Build.0 = Debug|x64
		{91FDA8DD-778E-412A-A369-B9DBABDD9468}.Debug|x86.ActiveCfg = Debug|Win32
		{91FDA8DD-778E-412A-A369-B9DBABDD9468}.Debug|x86.Build.0 = Debug|Win32
		{91FDA8DD-778E-412A-A369-B9DBABDD9468}.Release|x64.ActiveCfg = Release|x64
		{91FDA8DD-778E-412A-A369-B9DBABDD9468}.Release|x64.Build.0 = Release|x64
		{91FDA8DD-778E-412A-A369-B9DBABDD9468}.Release|x86.ActiveCfg = Release|Win32
		{91FDA8DD-778E-412A-A369-B9DBABDD9468}.Release|x86.Build.0 = Release|Win32
		{CEA83EB2-E16C-4994-862F-6AC976C26C37}.Debug|x64.ActiveCfg = Debug|x64
		{CEA83EB2-E16C-4994-862F-6AC976C26C37}.Debug|x64.Build.0 = Debug|x64
		{CEA83EB2-E16C-4994-862F-6AC976C26C37}.Debug|x86.ActiveCfg = Debug|Win32
		{CEA83EB2-E16C-4994-862F-6AC976C26C37}.Debug|x86.Build.0 = Debug|Win32
		{CEA83EB2-E16C-4994-862F-6AC976C26C37}.Release|x64.ActiveCfg = Release|x64
		{CEA83EB2-E16C-4994-862F-6AC976C26C37}.Release|x64.Build.0 = Release|x64
		{CEA83EB2-E16C-4994-862F-6AC976C26C37}.Release|x86.ActiveCfg = Release|Win32
		{CEA83EB2-E16C-4994-862F-6AC976C26C37}.Release|x86.Build.0 = Release|Win32
		{779022F5-354E-4082-8C76-73C6F8474DA4}.Debug|x64.ActiveCfg = Debug|x64
		{779022F5-354E-4082-8C76-73C6F8474DA4}.Debug|x64.Build.0 = Debug|x64
		{779022F5-354E-4082-8C76-73C6F8474DA4}.Debug|x86.ActiveCfg = Debug|Win32
		{779022F5-354E-4082-8C76-73C6F8474DA4}.Debug|x86.Build.0 = Debug|Win32
		{779022F5-354E-4082-8C76-73C6F8474DA4}.Release|x64.ActiveCfg = Release|x64
		{779022F5-354E-4082-8C76-73C6F8474DA4}.Release|x64.Build.0 = Release|x64
		{779022F5-354E-4082-8C76-73C6F8474DA4}.Release|x86.ActiveCfg = Release|Win32
		{779022F5-354E-4082-8C76-73C6F8474DA4}.Release|x86.Build.0 = Release|Win32
	EndGlobalSection
	GlobalSection(SolutionProperties) = preSolution
		HideSolutionNode = FALSE
	EndGlobalSection
	GlobalSection(ExtensibilityGlobals) = postSolution
		SolutionGuid = {36D050F1-5F8C-4BA9-A36A-7BB8153A7E3A}
	EndGlobalSection
EndGlobal
